
Microsoft Visual Studio Solution File, Format Version 12.00
# Visual Studio Version 17
VisualStudioVersion = 17.8.34525.116
MinimumVisualStudioVersion = 10.0.40219.1
Project("{FAE04EC0-301F-11D3-BF4B-00C04F79EFBC}") = "String Tricks", "String Tricks\String Tricks.csproj", "{BD70DCE9-EFEF-4691-BB34-C232662E310E}"
EndProject
Global
	GlobalSection(SolutionConfigurationPlatforms) = preSolution
		Debug|Any CPU = Debug|Any CPU
		Release|Any CPU = Release|Any CPU
	EndGlobalSection
	GlobalSection(ProjectConfigurationPlatforms) = postSolution
		{BD70DCE9-EFEF-4691-BB34-C232662E310E}.Debug|Any CPU.ActiveCfg = Debug|Any CPU
		{BD70DCE9-EFEF-4691-BB34-C232662E310E}.Debug|Any CPU.Build.0 = Debug|Any CPU
		{BD70DCE9-EFEF-4691-BB34-C232662E310E}.Release|Any CPU.ActiveCfg = Release|Any CPU
		{BD70DCE9-EFEF-4691-BB34-C232662E310E}.Release|Any CPU.Build.0 = Release|Any CPU
	EndGlobalSection
	GlobalSection(SolutionProperties) = preSolution
		HideSolutionNode = FALSE
	EndGlobalSection
	GlobalSection(ExtensibilityGlobals) = postSolution
		SolutionGuid = {E65DAAFA-7357-4B45-8374-DDE9E6C4371A}
	EndGlobalSection
EndGlobal
