
Microsoft Visual Studio Solution File, Format Version 12.00
# Visual Studio Version 17
VisualStudioVersion = 17.8.34525.116
MinimumVisualStudioVersion = 10.0.40219.1
Project("{FAE04EC0-301F-11D3-BF4B-00C04F79EFBC}") = "Inheritance", "Inheritance\Inheritance.csproj", "{176A3F0C-2D39-494C-9EED-C7700B238A6E}"
EndProject
Global
	GlobalSection(SolutionConfigurationPlatforms) = preSolution
		Debug|Any CPU = Debug|Any CPU
		Release|Any CPU = Release|Any CPU
	EndGlobalSection
	GlobalSection(ProjectConfigurationPlatforms) = postSolution
		{176A3F0C-2D39-494C-9EED-C7700B238A6E}.Debug|Any CPU.ActiveCfg = Debug|Any CPU
		{176A3F0C-2D39-494C-9EED-C7700B238A6E}.Debug|Any CPU.Build.0 = Debug|Any CPU
		{176A3F0C-2D39-494C-9EED-C7700B238A6E}.Release|Any CPU.ActiveCfg = Release|Any CPU
		{176A3F0C-2D39-494C-9EED-C7700B238A6E}.Release|Any CPU.Build.0 = Release|Any CPU
	EndGlobalSection
	GlobalSection(SolutionProperties) = preSolution
		HideSolutionNode = FALSE
	EndGlobalSection
	GlobalSection(ExtensibilityGlobals) = postSolution
		SolutionGuid = {A3EE470A-1E33-4A2B-8953-2C25A2858C89}
	EndGlobalSection
EndGlobal
